// !$*UTF8*$!
{
	archiveVersion = 1;
	classes = {
	};
	objectVersion = 50;
	objects = {

/* Begin PBXBuildFile section */
		01BFC3E87014C940B5019F5B /* Pods_imageSearch.framework in Frameworks */ = {isa = PBXBuildFile; fileRef = 9E60574C210199E33B1F402C /* Pods_imageSearch.framework */; };
		497D5584224981B1002FC902 /* AppDelegate.swift in Sources */ = {isa = PBXBuildFile; fileRef = 497D5583224981B1002FC902 /* AppDelegate.swift */; };
		497D5586224981B1002FC902 /* SearchViewController.swift in Sources */ = {isa = PBXBuildFile; fileRef = 497D5585224981B1002FC902 /* SearchViewController.swift */; };
		497D5589224981B1002FC902 /* Main.storyboard in Resources */ = {isa = PBXBuildFile; fileRef = 497D5587224981B1002FC902 /* Main.storyboard */; };
		497D558B224981B2002FC902 /* Assets.xcassets in Resources */ = {isa = PBXBuildFile; fileRef = 497D558A224981B2002FC902 /* Assets.xcassets */; };
		497D558E224981B2002FC902 /* LaunchScreen.storyboard in Resources */ = {isa = PBXBuildFile; fileRef = 497D558C224981B2002FC902 /* LaunchScreen.storyboard */; };
		497D5599224981B2002FC902 /* imageSearchTests.swift in Sources */ = {isa = PBXBuildFile; fileRef = 497D5598224981B2002FC902 /* imageSearchTests.swift */; };
		497D55A4224981B2002FC902 /* imageSearchUITests.swift in Sources */ = {isa = PBXBuildFile; fileRef = 497D55A3224981B2002FC902 /* imageSearchUITests.swift */; };
		49EC4DEF224A7C6000BF88F0 /* UITableView+Utils.swift in Sources */ = {isa = PBXBuildFile; fileRef = 49EC4DEE224A7C6000BF88F0 /* UITableView+Utils.swift */; };
		49EC4DF4224A7E4800BF88F0 /* UIView+NibLoadableView.swift in Sources */ = {isa = PBXBuildFile; fileRef = 49EC4DF3224A7E4800BF88F0 /* UIView+NibLoadableView.swift */; };
		49EC4DF9224A7F5B00BF88F0 /* UIView+ReusableIdentifier.swift in Sources */ = {isa = PBXBuildFile; fileRef = 49EC4DF8224A7F5B00BF88F0 /* UIView+ReusableIdentifier.swift */; };
		49EC4DFC224A823B00BF88F0 /* ImageTableViewCell.swift in Sources */ = {isa = PBXBuildFile; fileRef = 49EC4DFB224A823B00BF88F0 /* ImageTableViewCell.swift */; };
		49EC4DFE224A825D00BF88F0 /* ImageTableViewCell.xib in Resources */ = {isa = PBXBuildFile; fileRef = 49EC4DFD224A825D00BF88F0 /* ImageTableViewCell.xib */; };
		49EC4E01224AB80700BF88F0 /* AdjustableImageHeight.swift in Sources */ = {isa = PBXBuildFile; fileRef = 49EC4E00224AB80700BF88F0 /* AdjustableImageHeight.swift */; };
		49EC4E04224AB93600BF88F0 /* ImageBase.swift in Sources */ = {isa = PBXBuildFile; fileRef = 49EC4E03224AB93600BF88F0 /* ImageBase.swift */; };
		49EC4E0B224AD68300BF88F0 /* APIServices.swift in Sources */ = {isa = PBXBuildFile; fileRef = 49EC4E0A224AD68300BF88F0 /* APIServices.swift */; };
		49EC4E16224B845C00BF88F0 /* SearchViewModel.swift in Sources */ = {isa = PBXBuildFile; fileRef = 49EC4E15224B845C00BF88F0 /* SearchViewModel.swift */; };
		49EC4E18224BB22E00BF88F0 /* ImageTableViewModel.swift in Sources */ = {isa = PBXBuildFile; fileRef = 49EC4E17224BB22E00BF88F0 /* ImageTableViewModel.swift */; };
		49EC4E20224C10A100BF88F0 /* Debouncer.swift in Sources */ = {isa = PBXBuildFile; fileRef = 49EC4E1F224C10A100BF88F0 /* Debouncer.swift */; };
/* End PBXBuildFile section */

/* Begin PBXContainerItemProxy section */
		497D5595224981B2002FC902 /* PBXContainerItemProxy */ = {
			isa = PBXContainerItemProxy;
			containerPortal = 497D5578224981B1002FC902 /* Project object */;
			proxyType = 1;
			remoteGlobalIDString = 497D557F224981B1002FC902;
			remoteInfo = imageSearch;
		};
		497D55A0224981B2002FC902 /* PBXContainerItemProxy */ = {
			isa = PBXContainerItemProxy;
			containerPortal = 497D5578224981B1002FC902 /* Project object */;
			proxyType = 1;
			remoteGlobalIDString = 497D557F224981B1002FC902;
			remoteInfo = imageSearch;
		};
/* End PBXContainerItemProxy section */

/* Begin PBXFileReference section */
		2D71823721F4758C6F2D925A /* Pods-imageSearch.debug.xcconfig */ = {isa = PBXFileReference; includeInIndex = 1; lastKnownFileType = text.xcconfig; name = "Pods-imageSearch.debug.xcconfig"; path = "Pods/Target Support Files/Pods-imageSearch/Pods-imageSearch.debug.xcconfig"; sourceTree = "<group>"; };
		497D5580224981B1002FC902 /* imageSearch.app */ = {isa = PBXFileReference; explicitFileType = wrapper.application; includeInIndex = 0; path = imageSearch.app; sourceTree = BUILT_PRODUCTS_DIR; };
		497D5583224981B1002FC902 /* AppDelegate.swift */ = {isa = PBXFileReference; lastKnownFileType = sourcecode.swift; path = AppDelegate.swift; sourceTree = "<group>"; };
		497D5585224981B1002FC902 /* SearchViewController.swift */ = {isa = PBXFileReference; lastKnownFileType = sourcecode.swift; path = SearchViewController.swift; sourceTree = "<group>"; };
		497D5588224981B1002FC902 /* Base */ = {isa = PBXFileReference; lastKnownFileType = file.storyboard; name = Base; path = Base.lproj/Main.storyboard; sourceTree = "<group>"; };
		497D558A224981B2002FC902 /* Assets.xcassets */ = {isa = PBXFileReference; lastKnownFileType = folder.assetcatalog; path = Assets.xcassets; sourceTree = "<group>"; };
		497D558D224981B2002FC902 /* Base */ = {isa = PBXFileReference; lastKnownFileType = file.storyboard; name = Base; path = Base.lproj/LaunchScreen.storyboard; sourceTree = "<group>"; };
		497D558F224981B2002FC902 /* Info.plist */ = {isa = PBXFileReference; lastKnownFileType = text.plist.xml; path = Info.plist; sourceTree = "<group>"; };
		497D5594224981B2002FC902 /* imageSearchTests.xctest */ = {isa = PBXFileReference; explicitFileType = wrapper.cfbundle; includeInIndex = 0; path = imageSearchTests.xctest; sourceTree = BUILT_PRODUCTS_DIR; };
		497D5598224981B2002FC902 /* imageSearchTests.swift */ = {isa = PBXFileReference; lastKnownFileType = sourcecode.swift; path = imageSearchTests.swift; sourceTree = "<group>"; };
		497D559A224981B2002FC902 /* Info.plist */ = {isa = PBXFileReference; lastKnownFileType = text.plist.xml; path = Info.plist; sourceTree = "<group>"; };
		497D559F224981B2002FC902 /* imageSearchUITests.xctest */ = {isa = PBXFileReference; explicitFileType = wrapper.cfbundle; includeInIndex = 0; path = imageSearchUITests.xctest; sourceTree = BUILT_PRODUCTS_DIR; };
		497D55A3224981B2002FC902 /* imageSearchUITests.swift */ = {isa = PBXFileReference; lastKnownFileType = sourcecode.swift; path = imageSearchUITests.swift; sourceTree = "<group>"; };
		497D55A5224981B2002FC902 /* Info.plist */ = {isa = PBXFileReference; lastKnownFileType = text.plist.xml; path = Info.plist; sourceTree = "<group>"; };
		49EC4DEE224A7C6000BF88F0 /* UITableView+Utils.swift */ = {isa = PBXFileReference; lastKnownFileType = sourcecode.swift; path = "UITableView+Utils.swift"; sourceTree = "<group>"; };
		49EC4DF3224A7E4800BF88F0 /* UIView+NibLoadableView.swift */ = {isa = PBXFileReference; lastKnownFileType = sourcecode.swift; path = "UIView+NibLoadableView.swift"; sourceTree = "<group>"; };
		49EC4DF8224A7F5B00BF88F0 /* UIView+ReusableIdentifier.swift */ = {isa = PBXFileReference; lastKnownFileType = sourcecode.swift; path = "UIView+ReusableIdentifier.swift"; sourceTree = "<group>"; };
		49EC4DFB224A823B00BF88F0 /* ImageTableViewCell.swift */ = {isa = PBXFileReference; lastKnownFileType = sourcecode.swift; path = ImageTableViewCell.swift; sourceTree = "<group>"; };
		49EC4DFD224A825D00BF88F0 /* ImageTableViewCell.xib */ = {isa = PBXFileReference; lastKnownFileType = file.xib; path = ImageTableViewCell.xib; sourceTree = "<group>"; };
		49EC4E00224AB80700BF88F0 /* AdjustableImageHeight.swift */ = {isa = PBXFileReference; lastKnownFileType = sourcecode.swift; path = AdjustableImageHeight.swift; sourceTree = "<group>"; };
		49EC4E03224AB93600BF88F0 /* ImageBase.swift */ = {isa = PBXFileReference; lastKnownFileType = sourcecode.swift; path = ImageBase.swift; sourceTree = "<group>"; };
		49EC4E0A224AD68300BF88F0 /* APIServices.swift */ = {isa = PBXFileReference; lastKnownFileType = sourcecode.swift; path = APIServices.swift; sourceTree = "<group>"; };
		49EC4E15224B845C00BF88F0 /* SearchViewModel.swift */ = {isa = PBXFileReference; lastKnownFileType = sourcecode.swift; path = SearchViewModel.swift; sourceTree = "<group>"; };
		49EC4E17224BB22E00BF88F0 /* ImageTableViewModel.swift */ = {isa = PBXFileReference; lastKnownFileType = sourcecode.swift; path = ImageTableViewModel.swift; sourceTree = "<group>"; };
		49EC4E1F224C10A100BF88F0 /* Debouncer.swift */ = {isa = PBXFileReference; lastKnownFileType = sourcecode.swift; path = Debouncer.swift; sourceTree = "<group>"; };
		98050D19DB939A6A92118178 /* Pods-imageSearch.release.xcconfig */ = {isa = PBXFileReference; includeInIndex = 1; lastKnownFileType = text.xcconfig; name = "Pods-imageSearch.release.xcconfig"; path = "Pods/Target Support Files/Pods-imageSearch/Pods-imageSearch.release.xcconfig"; sourceTree = "<group>"; };
		9E60574C210199E33B1F402C /* Pods_imageSearch.framework */ = {isa = PBXFileReference; explicitFileType = wrapper.framework; includeInIndex = 0; path = Pods_imageSearch.framework; sourceTree = BUILT_PRODUCTS_DIR; };
/* End PBXFileReference section */

/* Begin PBXFrameworksBuildPhase section */
		497D557D224981B1002FC902 /* Frameworks */ = {
			isa = PBXFrameworksBuildPhase;
			buildActionMask = 2147483647;
			files = (
				01BFC3E87014C940B5019F5B /* Pods_imageSearch.framework in Frameworks */,
			);
			runOnlyForDeploymentPostprocessing = 0;
		};
		497D5591224981B2002FC902 /* Frameworks */ = {
			isa = PBXFrameworksBuildPhase;
			buildActionMask = 2147483647;
			files = (
			);
			runOnlyForDeploymentPostprocessing = 0;
		};
		497D559C224981B2002FC902 /* Frameworks */ = {
			isa = PBXFrameworksBuildPhase;
			buildActionMask = 2147483647;
			files = (
			);
			runOnlyForDeploymentPostprocessing = 0;
		};
/* End PBXFrameworksBuildPhase section */

/* Begin PBXGroup section */
		05FFC2CFD44E9A4C59BA0A9C /* Pods */ = {
			isa = PBXGroup;
			children = (
				2D71823721F4758C6F2D925A /* Pods-imageSearch.debug.xcconfig */,
				98050D19DB939A6A92118178 /* Pods-imageSearch.release.xcconfig */,
			);
			name = Pods;
			sourceTree = "<group>";
		};
		497D5577224981B1002FC902 = {
			isa = PBXGroup;
			children = (
				497D5582224981B1002FC902 /* imageSearch */,
				497D5597224981B2002FC902 /* imageSearchTests */,
				497D55A2224981B2002FC902 /* imageSearchUITests */,
				497D5581224981B1002FC902 /* Products */,
				05FFC2CFD44E9A4C59BA0A9C /* Pods */,
				63669CCF361731D4E3312B8A /* Frameworks */,
			);
			sourceTree = "<group>";
		};
		497D5581224981B1002FC902 /* Products */ = {
			isa = PBXGroup;
			children = (
				497D5580224981B1002FC902 /* imageSearch.app */,
				497D5594224981B2002FC902 /* imageSearchTests.xctest */,
				497D559F224981B2002FC902 /* imageSearchUITests.xctest */,
			);
			name = Products;
			sourceTree = "<group>";
		};
		497D5582224981B1002FC902 /* imageSearch */ = {
			isa = PBXGroup;
			children = (
				497D558F224981B2002FC902 /* Info.plist */,
				497D5583224981B1002FC902 /* AppDelegate.swift */,
				49EC4E14224B841300BF88F0 /* Resources */,
				49EC4E05224AD20A00BF88F0 /* Services */,
				49EC4E02224AB8C700BF88F0 /* Models */,
				49EC4DFF224AB7EF00BF88F0 /* Helpers */,
				49EC4DED224A7BD700BF88F0 /* Extensions */,
				49EC4DFA224A810D00BF88F0 /* Controllers */,
				49EC4DEC224A732D00BF88F0 /* Views */,
			);
			path = imageSearch;
			sourceTree = "<group>";
		};
		497D5597224981B2002FC902 /* imageSearchTests */ = {
			isa = PBXGroup;
			children = (
				497D5598224981B2002FC902 /* imageSearchTests.swift */,
				497D559A224981B2002FC902 /* Info.plist */,
			);
			path = imageSearchTests;
			sourceTree = "<group>";
		};
		497D55A2224981B2002FC902 /* imageSearchUITests */ = {
			isa = PBXGroup;
			children = (
				497D55A3224981B2002FC902 /* imageSearchUITests.swift */,
				497D55A5224981B2002FC902 /* Info.plist */,
			);
			path = imageSearchUITests;
			sourceTree = "<group>";
		};
		49EC4DEC224A732D00BF88F0 /* Views */ = {
			isa = PBXGroup;
			children = (
				497D5587224981B1002FC902 /* Main.storyboard */,
				49EC4DFD224A825D00BF88F0 /* ImageTableViewCell.xib */,
			);
			path = Views;
			sourceTree = "<group>";
		};
		49EC4DED224A7BD700BF88F0 /* Extensions */ = {
			isa = PBXGroup;
			children = (
				49EC4DEE224A7C6000BF88F0 /* UITableView+Utils.swift */,
				49EC4DF3224A7E4800BF88F0 /* UIView+NibLoadableView.swift */,
				49EC4DF8224A7F5B00BF88F0 /* UIView+ReusableIdentifier.swift */,
			);
			path = Extensions;
			sourceTree = "<group>";
		};
		49EC4DFA224A810D00BF88F0 /* Controllers */ = {
			isa = PBXGroup;
			children = (
				49EC4DFB224A823B00BF88F0 /* ImageTableViewCell.swift */,
				49EC4E17224BB22E00BF88F0 /* ImageTableViewModel.swift */,
				497D5585224981B1002FC902 /* SearchViewController.swift */,
				49EC4E15224B845C00BF88F0 /* SearchViewModel.swift */,
			);
			path = Controllers;
			sourceTree = "<group>";
		};
		49EC4DFF224AB7EF00BF88F0 /* Helpers */ = {
			isa = PBXGroup;
			children = (
				49EC4E00224AB80700BF88F0 /* AdjustableImageHeight.swift */,
				49EC4E1F224C10A100BF88F0 /* Debouncer.swift */,
			);
			path = Helpers;
			sourceTree = "<group>";
		};
		49EC4E02224AB8C700BF88F0 /* Models */ = {
			isa = PBXGroup;
			children = (
				49EC4E03224AB93600BF88F0 /* ImageBase.swift */,
			);
			path = Models;
			sourceTree = "<group>";
		};
		49EC4E05224AD20A00BF88F0 /* Services */ = {
			isa = PBXGroup;
			children = (
				49EC4E0A224AD68300BF88F0 /* APIServices.swift */,
			);
			path = Services;
			sourceTree = "<group>";
		};
		49EC4E14224B841300BF88F0 /* Resources */ = {
			isa = PBXGroup;
			children = (
				497D558A224981B2002FC902 /* Assets.xcassets */,
				497D558C224981B2002FC902 /* LaunchScreen.storyboard */,
			);
			path = Resources;
			sourceTree = "<group>";
		};
		63669CCF361731D4E3312B8A /* Frameworks */ = {
			isa = PBXGroup;
			children = (
				9E60574C210199E33B1F402C /* Pods_imageSearch.framework */,
			);
			name = Frameworks;
			sourceTree = "<group>";
		};
/* End PBXGroup section */

/* Begin PBXNativeTarget section */
		497D557F224981B1002FC902 /* imageSearch */ = {
			isa = PBXNativeTarget;
			buildConfigurationList = 497D55A8224981B2002FC902 /* Build configuration list for PBXNativeTarget "imageSearch" */;
			buildPhases = (
				A6BE4D5C4D70925991B81400 /* [CP] Check Pods Manifest.lock */,
				497D557C224981B1002FC902 /* Sources */,
				497D557D224981B1002FC902 /* Frameworks */,
				497D557E224981B1002FC902 /* Resources */,
				C4D39E7C896EB94B1100772B /* [CP] Embed Pods Frameworks */,
			);
			buildRules = (
			);
			dependencies = (
			);
			name = imageSearch;
			productName = imageSearch;
			productReference = 497D5580224981B1002FC902 /* imageSearch.app */;
			productType = "com.apple.product-type.application";
		};
		497D5593224981B2002FC902 /* imageSearchTests */ = {
			isa = PBXNativeTarget;
			buildConfigurationList = 497D55AB224981B2002FC902 /* Build configuration list for PBXNativeTarget "imageSearchTests" */;
			buildPhases = (
				497D5590224981B2002FC902 /* Sources */,
				497D5591224981B2002FC902 /* Frameworks */,
				497D5592224981B2002FC902 /* Resources */,
			);
			buildRules = (
			);
			dependencies = (
				497D5596224981B2002FC902 /* PBXTargetDependency */,
			);
			name = imageSearchTests;
			productName = imageSearchTests;
			productReference = 497D5594224981B2002FC902 /* imageSearchTests.xctest */;
			productType = "com.apple.product-type.bundle.unit-test";
		};
		497D559E224981B2002FC902 /* imageSearchUITests */ = {
			isa = PBXNativeTarget;
			buildConfigurationList = 497D55AE224981B2002FC902 /* Build configuration list for PBXNativeTarget "imageSearchUITests" */;
			buildPhases = (
				497D559B224981B2002FC902 /* Sources */,
				497D559C224981B2002FC902 /* Frameworks */,
				497D559D224981B2002FC902 /* Resources */,
			);
			buildRules = (
			);
			dependencies = (
				497D55A1224981B2002FC902 /* PBXTargetDependency */,
			);
			name = imageSearchUITests;
			productName = imageSearchUITests;
			productReference = 497D559F224981B2002FC902 /* imageSearchUITests.xctest */;
			productType = "com.apple.product-type.bundle.ui-testing";
		};
/* End PBXNativeTarget section */

/* Begin PBXProject section */
		497D5578224981B1002FC902 /* Project object */ = {
			isa = PBXProject;
			attributes = {
				LastSwiftUpdateCheck = 1010;
				LastUpgradeCheck = 1010;
				ORGANIZATIONNAME = nothing;
				TargetAttributes = {
					497D557F224981B1002FC902 = {
						CreatedOnToolsVersion = 10.1;
					};
					497D5593224981B2002FC902 = {
						CreatedOnToolsVersion = 10.1;
						TestTargetID = 497D557F224981B1002FC902;
					};
					497D559E224981B2002FC902 = {
						CreatedOnToolsVersion = 10.1;
						TestTargetID = 497D557F224981B1002FC902;
					};
				};
			};
			buildConfigurationList = 497D557B224981B1002FC902 /* Build configuration list for PBXProject "imageSearch" */;
			compatibilityVersion = "Xcode 9.3";
			developmentRegion = en;
			hasScannedForEncodings = 0;
			knownRegions = (
				en,
				Base,
			);
			mainGroup = 497D5577224981B1002FC902;
			productRefGroup = 497D5581224981B1002FC902 /* Products */;
			projectDirPath = "";
			projectRoot = "";
			targets = (
				497D557F224981B1002FC902 /* imageSearch */,
				497D5593224981B2002FC902 /* imageSearchTests */,
				497D559E224981B2002FC902 /* imageSearchUITests */,
			);
		};
/* End PBXProject section */

/* Begin PBXResourcesBuildPhase section */
		497D557E224981B1002FC902 /* Resources */ = {
			isa = PBXResourcesBuildPhase;
			buildActionMask = 2147483647;
			files = (
				497D558E224981B2002FC902 /* LaunchScreen.storyboard in Resources */,
				49EC4DFE224A825D00BF88F0 /* ImageTableViewCell.xib in Resources */,
				497D558B224981B2002FC902 /* Assets.xcassets in Resources */,
				497D5589224981B1002FC902 /* Main.storyboard in Resources */,
			);
			runOnlyForDeploymentPostprocessing = 0;
		};
		497D5592224981B2002FC902 /* Resources */ = {
			isa = PBXResourcesBuildPhase;
			buildActionMask = 2147483647;
			files = (
			);
			runOnlyForDeploymentPostprocessing = 0;
		};
		497D559D224981B2002FC902 /* Resources */ = {
			isa = PBXResourcesBuildPhase;
			buildActionMask = 2147483647;
			files = (
			);
			runOnlyForDeploymentPostprocessing = 0;
		};
/* End PBXResourcesBuildPhase section */

/* Begin PBXShellScriptBuildPhase section */
		A6BE4D5C4D70925991B81400 /* [CP] Check Pods Manifest.lock */ = {
			isa = PBXShellScriptBuildPhase;
			buildActionMask = 2147483647;
			files = (
			);
			inputFileListPaths = (
			);
			inputPaths = (
				"${PODS_PODFILE_DIR_PATH}/Podfile.lock",
				"${PODS_ROOT}/Manifest.lock",
			);
			name = "[CP] Check Pods Manifest.lock";
			outputFileListPaths = (
			);
			outputPaths = (
				"$(DERIVED_FILE_DIR)/Pods-imageSearch-checkManifestLockResult.txt",
			);
			runOnlyForDeploymentPostprocessing = 0;
			shellPath = /bin/sh;
			shellScript = "diff \"${PODS_PODFILE_DIR_PATH}/Podfile.lock\" \"${PODS_ROOT}/Manifest.lock\" > /dev/null\nif [ $? != 0 ] ; then\n    # print error to STDERR\n    echo \"error: The sandbox is not in sync with the Podfile.lock. Run 'pod install' or update your CocoaPods installation.\" >&2\n    exit 1\nfi\n# This output is used by Xcode 'outputs' to avoid re-running this script phase.\necho \"SUCCESS\" > \"${SCRIPT_OUTPUT_FILE_0}\"\n";
			showEnvVarsInLog = 0;
		};
		C4D39E7C896EB94B1100772B /* [CP] Embed Pods Frameworks */ = {
			isa = PBXShellScriptBuildPhase;
			buildActionMask = 2147483647;
			files = (
			);
			inputFileListPaths = (
			);
			inputPaths = (
				"${SRCROOT}/Pods/Target Support Files/Pods-imageSearch/Pods-imageSearch-frameworks.sh",
				"${BUILT_PRODUCTS_DIR}/Kingfisher/Kingfisher.framework",
			);
			name = "[CP] Embed Pods Frameworks";
			outputFileListPaths = (
			);
			outputPaths = (
				"${TARGET_BUILD_DIR}/${FRAMEWORKS_FOLDER_PATH}/Kingfisher.framework",
			);
			runOnlyForDeploymentPostprocessing = 0;
			shellPath = /bin/sh;
			shellScript = "\"${SRCROOT}/Pods/Target Support Files/Pods-imageSearch/Pods-imageSearch-frameworks.sh\"\n";
			showEnvVarsInLog = 0;
		};
/* End PBXShellScriptBuildPhase section */

/* Begin PBXSourcesBuildPhase section */
		497D557C224981B1002FC902 /* Sources */ = {
			isa = PBXSourcesBuildPhase;
			buildActionMask = 2147483647;
			files = (
				49EC4E04224AB93600BF88F0 /* ImageBase.swift in Sources */,
				497D5586224981B1002FC902 /* SearchViewController.swift in Sources */,
				497D5584224981B1002FC902 /* AppDelegate.swift in Sources */,
				49EC4E01224AB80700BF88F0 /* AdjustableImageHeight.swift in Sources */,
				49EC4DEF224A7C6000BF88F0 /* UITableView+Utils.swift in Sources */,
				49EC4E20224C10A100BF88F0 /* Debouncer.swift in Sources */,
				49EC4DFC224A823B00BF88F0 /* ImageTableViewCell.swift in Sources */,
				49EC4E16224B845C00BF88F0 /* SearchViewModel.swift in Sources */,
				49EC4DF9224A7F5B00BF88F0 /* UIView+ReusableIdentifier.swift in Sources */,
				49EC4DF4224A7E4800BF88F0 /* UIView+NibLoadableView.swift in Sources */,
				49EC4E0B224AD68300BF88F0 /* APIServices.swift in Sources */,
				49EC4E18224BB22E00BF88F0 /* ImageTableViewModel.swift in Sources */,
			);
			runOnlyForDeploymentPostprocessing = 0;
		};
		497D5590224981B2002FC902 /* Sources */ = {
			isa = PBXSourcesBuildPhase;
			buildActionMask = 2147483647;
			files = (
				497D5599224981B2002FC902 /* imageSearchTests.swift in Sources */,
			);
			runOnlyForDeploymentPostprocessing = 0;
		};
		497D559B224981B2002FC902 /* Sources */ = {
			isa = PBXSourcesBuildPhase;
			buildActionMask = 2147483647;
			files = (
				497D55A4224981B2002FC902 /* imageSearchUITests.swift in Sources */,
			);
			runOnlyForDeploymentPostprocessing = 0;
		};
/* End PBXSourcesBuildPhase section */

/* Begin PBXTargetDependency section */
		497D5596224981B2002FC902 /* PBXTargetDependency */ = {
			isa = PBXTargetDependency;
			target = 497D557F224981B1002FC902 /* imageSearch */;
			targetProxy = 497D5595224981B2002FC902 /* PBXContainerItemProxy */;
		};
		497D55A1224981B2002FC902 /* PBXTargetDependency */ = {
			isa = PBXTargetDependency;
			target = 497D557F224981B1002FC902 /* imageSearch */;
			targetProxy = 497D55A0224981B2002FC902 /* PBXContainerItemProxy */;
		};
/* End PBXTargetDependency section */

/* Begin PBXVariantGroup section */
		497D5587224981B1002FC902 /* Main.storyboard */ = {
			isa = PBXVariantGroup;
			children = (
				497D5588224981B1002FC902 /* Base */,
			);
			name = Main.storyboard;
			sourceTree = "<group>";
		};
		497D558C224981B2002FC902 /* LaunchScreen.storyboard */ = {
			isa = PBXVariantGroup;
			children = (
				497D558D224981B2002FC902 /* Base */,
			);
			name = LaunchScreen.storyboard;
			sourceTree = "<group>";
		};
/* End PBXVariantGroup section */

/* Begin XCBuildConfiguration section */
		497D55A6224981B2002FC902 /* Debug */ = {
			isa = XCBuildConfiguration;
			buildSettings = {
				ALWAYS_SEARCH_USER_PATHS = NO;
				CLANG_ANALYZER_NONNULL = YES;
				CLANG_ANALYZER_NUMBER_OBJECT_CONVERSION = YES_AGGRESSIVE;
				CLANG_CXX_LANGUAGE_STANDARD = "gnu++14";
				CLANG_CXX_LIBRARY = "libc++";
				CLANG_ENABLE_MODULES = YES;
				CLANG_ENABLE_OBJC_ARC = YES;
				CLANG_ENABLE_OBJC_WEAK = YES;
				CLANG_WARN_BLOCK_CAPTURE_AUTORELEASING = YES;
				CLANG_WARN_BOOL_CONVERSION = YES;
				CLANG_WARN_COMMA = YES;
				CLANG_WARN_CONSTANT_CONVERSION = YES;
				CLANG_WARN_DEPRECATED_OBJC_IMPLEMENTATIONS = YES;
				CLANG_WARN_DIRECT_OBJC_ISA_USAGE = YES_ERROR;
				CLANG_WARN_DOCUMENTATION_COMMENTS = YES;
				CLANG_WARN_EMPTY_BODY = YES;
				CLANG_WARN_ENUM_CONVERSION = YES;
				CLANG_WARN_INFINITE_RECURSION = YES;
				CLANG_WARN_INT_CONVERSION = YES;
				CLANG_WARN_NON_LITERAL_NULL_CONVERSION = YES;
				CLANG_WARN_OBJC_IMPLICIT_RETAIN_SELF = YES;
				CLANG_WARN_OBJC_LITERAL_CONVERSION = YES;
				CLANG_WARN_OBJC_ROOT_CLASS = YES_ERROR;
				CLANG_WARN_RANGE_LOOP_ANALYSIS = YES;
				CLANG_WARN_STRICT_PROTOTYPES = YES;
				CLANG_WARN_SUSPICIOUS_MOVE = YES;
				CLANG_WARN_UNGUARDED_AVAILABILITY = YES_AGGRESSIVE;
				CLANG_WARN_UNREACHABLE_CODE = YES;
				CLANG_WARN__DUPLICATE_METHOD_MATCH = YES;
				CODE_SIGN_IDENTITY = "iPhone Developer";
				COPY_PHASE_STRIP = NO;
				DEBUG_INFORMATION_FORMAT = dwarf;
				ENABLE_STRICT_OBJC_MSGSEND = YES;
				ENABLE_TESTABILITY = YES;
				GCC_C_LANGUAGE_STANDARD = gnu11;
				GCC_DYNAMIC_NO_PIC = NO;
				GCC_NO_COMMON_BLOCKS = YES;
				GCC_OPTIMIZATION_LEVEL = 0;
				GCC_PREPROCESSOR_DEFINITIONS = (
					"DEBUG=1",
					"$(inherited)",
				);
				GCC_WARN_64_TO_32_BIT_CONVERSION = YES;
				GCC_WARN_ABOUT_RETURN_TYPE = YES_ERROR;
				GCC_WARN_UNDECLARED_SELECTOR = YES;
				GCC_WARN_UNINITIALIZED_AUTOS = YES_AGGRESSIVE;
				GCC_WARN_UNUSED_FUNCTION = YES;
				GCC_WARN_UNUSED_VARIABLE = YES;
				IPHONEOS_DEPLOYMENT_TARGET = 12.1;
				MTL_ENABLE_DEBUG_INFO = INCLUDE_SOURCE;
				MTL_FAST_MATH = YES;
				ONLY_ACTIVE_ARCH = YES;
				SDKROOT = iphoneos;
				SWIFT_ACTIVE_COMPILATION_CONDITIONS = DEBUG;
				SWIFT_OPTIMIZATION_LEVEL = "-Onone";
			};
			name = Debug;
		};
		497D55A7224981B2002FC902 /* Release */ = {
			isa = XCBuildConfiguration;
			buildSettings = {
				ALWAYS_SEARCH_USER_PATHS = NO;
				CLANG_ANALYZER_NONNULL = YES;
				CLANG_ANALYZER_NUMBER_OBJECT_CONVERSION = YES_AGGRESSIVE;
				CLANG_CXX_LANGUAGE_STANDARD = "gnu++14";
				CLANG_CXX_LIBRARY = "libc++";
				CLANG_ENABLE_MODULES = YES;
				CLANG_ENABLE_OBJC_ARC = YES;
				CLANG_ENABLE_OBJC_WEAK = YES;
				CLANG_WARN_BLOCK_CAPTURE_AUTORELEASING = YES;
				CLANG_WARN_BOOL_CONVERSION = YES;
				CLANG_WARN_COMMA = YES;
				CLANG_WARN_CONSTANT_CONVERSION = YES;
				CLANG_WARN_DEPRECATED_OBJC_IMPLEMENTATIONS = YES;
				CLANG_WARN_DIRECT_OBJC_ISA_USAGE = YES_ERROR;
				CLANG_WARN_DOCUMENTATION_COMMENTS = YES;
				CLANG_WARN_EMPTY_BODY = YES;
				CLANG_WARN_ENUM_CONVERSION = YES;
				CLANG_WARN_INFINITE_RECURSION = YES;
				CLANG_WARN_INT_CONVERSION = YES;
				CLANG_WARN_NON_LITERAL_NULL_CONVERSION = YES;
				CLANG_WARN_OBJC_IMPLICIT_RETAIN_SELF = YES;
				CLANG_WARN_OBJC_LITERAL_CONVERSION = YES;
				CLANG_WARN_OBJC_ROOT_CLASS = YES_ERROR;
				CLANG_WARN_RANGE_LOOP_ANALYSIS = YES;
				CLANG_WARN_STRICT_PROTOTYPES = YES;
				CLANG_WARN_SUSPICIOUS_MOVE = YES;
				CLANG_WARN_UNGUARDED_AVAILABILITY = YES_AGGRESSIVE;
				CLANG_WARN_UNREACHABLE_CODE = YES;
				CLANG_WARN__DUPLICATE_METHOD_MATCH = YES;
				CODE_SIGN_IDENTITY = "iPhone Developer";
				COPY_PHASE_STRIP = NO;
				DEBUG_INFORMATION_FORMAT = "dwarf-with-dsym";
				ENABLE_NS_ASSERTIONS = NO;
				ENABLE_STRICT_OBJC_MSGSEND = YES;
				GCC_C_LANGUAGE_STANDARD = gnu11;
				GCC_NO_COMMON_BLOCKS = YES;
				GCC_WARN_64_TO_32_BIT_CONVERSION = YES;
				GCC_WARN_ABOUT_RETURN_TYPE = YES_ERROR;
				GCC_WARN_UNDECLARED_SELECTOR = YES;
				GCC_WARN_UNINITIALIZED_AUTOS = YES_AGGRESSIVE;
				GCC_WARN_UNUSED_FUNCTION = YES;
				GCC_WARN_UNUSED_VARIABLE = YES;
				IPHONEOS_DEPLOYMENT_TARGET = 12.1;
				MTL_ENABLE_DEBUG_INFO = NO;
				MTL_FAST_MATH = YES;
				SDKROOT = iphoneos;
				SWIFT_COMPILATION_MODE = wholemodule;
				SWIFT_OPTIMIZATION_LEVEL = "-O";
				VALIDATE_PRODUCT = YES;
			};
			name = Release;
		};
		497D55A9224981B2002FC902 /* Debug */ = {
			isa = XCBuildConfiguration;
			baseConfigurationReference = 2D71823721F4758C6F2D925A /* Pods-imageSearch.debug.xcconfig */;
			buildSettings = {
				ASSETCATALOG_COMPILER_APPICON_NAME = AppIcon;
				CODE_SIGN_STYLE = Automatic;
				INFOPLIST_FILE = imageSearch/Info.plist;
				LD_RUNPATH_SEARCH_PATHS = (
					"$(inherited)",
					"@executable_path/Frameworks",
				);
				PRODUCT_BUNDLE_IDENTIFIER = com.nothing.imageSearch;
				PRODUCT_NAME = "$(TARGET_NAME)";
				SWIFT_VERSION = 4.2;
				TARGETED_DEVICE_FAMILY = "1,2";
			};
			name = Debug;
		};
		497D55AA224981B2002FC902 /* Release */ = {
			isa = XCBuildConfiguration;
			baseConfigurationReference = 98050D19DB939A6A92118178 /* Pods-imageSearch.release.xcconfig */;
			buildSettings = {
				ASSETCATALOG_COMPILER_APPICON_NAME = AppIcon;
				CODE_SIGN_STYLE = Automatic;
				INFOPLIST_FILE = imageSearch/Info.plist;
				LD_RUNPATH_SEARCH_PATHS = (
					"$(inherited)",
					"@executable_path/Frameworks",
				);
				PRODUCT_BUNDLE_IDENTIFIER = com.nothing.imageSearch;
				PRODUCT_NAME = "$(TARGET_NAME)";
				SWIFT_VERSION = 4.2;
				TARGETED_DEVICE_FAMILY = "1,2";
			};
			name = Release;
		};
		497D55AC224981B2002FC902 /* Debug */ = {
			isa = XCBuildConfiguration;
			buildSettings = {
				ALWAYS_EMBED_SWIFT_STANDARD_LIBRARIES = YES;
				BUNDLE_LOADER = "$(TEST_HOST)";
				CODE_SIGN_STYLE = Automatic;
				INFOPLIST_FILE = imageSearchTests/Info.plist;
				LD_RUNPATH_SEARCH_PATHS = (
					"$(inherited)",
					"@executable_path/Frameworks",
					"@loader_path/Frameworks",
				);
				PRODUCT_BUNDLE_IDENTIFIER = com.nothing.imageSearchTests;
				PRODUCT_NAME = "$(TARGET_NAME)";
				SWIFT_VERSION = 4.2;
				TARGETED_DEVICE_FAMILY = "1,2";
				TEST_HOST = "$(BUILT_PRODUCTS_DIR)/imageSearch.app/imageSearch";
			};
			name = Debug;
		};
		497D55AD224981B2002FC902 /* Release */ = {
			isa = XCBuildConfiguration;
			buildSettings = {
				ALWAYS_EMBED_SWIFT_STANDARD_LIBRARIES = YES;
				BUNDLE_LOADER = "$(TEST_HOST)";
				CODE_SIGN_STYLE = Automatic;
				INFOPLIST_FILE = imageSearchTests/Info.plist;
				LD_RUNPATH_SEARCH_PATHS = (
					"$(inherited)",
					"@executable_path/Frameworks",
					"@loader_path/Frameworks",
				);
				PRODUCT_BUNDLE_IDENTIFIER = com.nothing.imageSearchTests;
				PRODUCT_NAME = "$(TARGET_NAME)";
				SWIFT_VERSION = 4.2;
				TARGETED_DEVICE_FAMILY = "1,2";
				TEST_HOST = "$(BUILT_PRODUCTS_DIR)/imageSearch.app/imageSearch";
			};
			name = Release;
		};
		497D55AF224981B2002FC902 /* Debug */ = {
			isa = XCBuildConfiguration;
			buildSettings = {
				ALWAYS_EMBED_SWIFT_STANDARD_LIBRARIES = YES;
				CODE_SIGN_STYLE = Automatic;
				INFOPLIST_FILE = imageSearchUITests/Info.plist;
				LD_RUNPATH_SEARCH_PATHS = (
					"$(inherited)",
					"@executable_path/Frameworks",
					"@loader_path/Frameworks",
				);
				PRODUCT_BUNDLE_IDENTIFIER = com.nothing.imageSearchUITests;
				PRODUCT_NAME = "$(TARGET_NAME)";
				SWIFT_VERSION = 4.2;
				TARGETED_DEVICE_FAMILY = "1,2";
				TEST_TARGET_NAME = imageSearch;
			};
			name = Debug;
		};
		497D55B0224981B2002FC902 /* Release */ = {
			isa = XCBuildConfiguration;
			buildSettings = {
				ALWAYS_EMBED_SWIFT_STANDARD_LIBRARIES = YES;
				CODE_SIGN_STYLE = Automatic;
				INFOPLIST_FILE = imageSearchUITests/Info.plist;
				LD_RUNPATH_SEARCH_PATHS = (
					"$(inherited)",
					"@executable_path/Frameworks",
					"@loader_path/Frameworks",
				);
				PRODUCT_BUNDLE_IDENTIFIER = com.nothing.imageSearchUITests;
				PRODUCT_NAME = "$(TARGET_NAME)";
				SWIFT_VERSION = 4.2;
				TARGETED_DEVICE_FAMILY = "1,2";
				TEST_TARGET_NAME = imageSearch;
			};
			name = Release;
		};
/* End XCBuildConfiguration section */

/* Begin XCConfigurationList section */
		497D557B224981B1002FC902 /* Build configuration list for PBXProject "imageSearch" */ = {
			isa = XCConfigurationList;
			buildConfigurations = (
				497D55A6224981B2002FC902 /* Debug */,
				497D55A7224981B2002FC902 /* Release */,
			);
			defaultConfigurationIsVisible = 0;
			defaultConfigurationName = Release;
		};
		497D55A8224981B2002FC902 /* Build configuration list for PBXNativeTarget "imageSearch" */ = {
			isa = XCConfigurationList;
			buildConfigurations = (
				497D55A9224981B2002FC902 /* Debug */,
				497D55AA224981B2002FC902 /* Release */,
			);
			defaultConfigurationIsVisible = 0;
			defaultConfigurationName = Release;
		};
		497D55AB224981B2002FC902 /* Build configuration list for PBXNativeTarget "imageSearchTests" */ = {
			isa = XCConfigurationList;
			buildConfigurations = (
				497D55AC224981B2002FC902 /* Debug */,
				497D55AD224981B2002FC902 /* Release */,
			);
			defaultConfigurationIsVisible = 0;
			defaultConfigurationName = Release;
		};
		497D55AE224981B2002FC902 /* Build configuration list for PBXNativeTarget "imageSearchUITests" */ = {
			isa = XCConfigurationList;
			buildConfigurations = (
				497D55AF224981B2002FC902 /* Debug */,
				497D55B0224981B2002FC902 /* Release */,
			);
			defaultConfigurationIsVisible = 0;
			defaultConfigurationName = Release;
		};
/* End XCConfigurationList section */
	};
	rootObject = 497D5578224981B1002FC902 /* Project object */;
}
